
Microsoft Visual Studio Solution File, Format Version 12.00
# Visual Studio Version 17
VisualStudioVersion = 17.4.33110.190
MinimumVisualStudioVersion = 10.0.40219.1
Project("{8BC9CEB8-8B4A-11D0-8D11-00A0C91BC942}") = "DynamicMemory", "DynamicMemory\DynamicMemory.vcxproj", "{00615125-AE2A-4007-A082-05C4B3FED930}"
EndProject
Global
	GlobalSection(SolutionConfigurationPlatforms) = preSolution
		Debug|x64 = Debug|x64
		Debug|x86 = Debug|x86
		Release|x64 = Release|x64
		Release|x86 = Release|x86
	EndGlobalSection
	GlobalSection(ProjectConfigurationPlatforms) = postSolution
		{00615125-AE2A-4007-A082-05C4B3FED930}.Debug|x64.ActiveCfg = Debug|x64
		{00615125-AE2A-4007-A082-05C4B3FED930}.Debug|x64.Build.0 = Debug|x64
		{00615125-AE2A-4007-A082-05C4B3FED930}.Debug|x86.ActiveCfg = Debug|Win32
		{00615125-AE2A-4007-A082-05C4B3FED930}.Debug|x86.Build.0 = Debug|Win32
		{00615125-AE2A-4007-A082-05C4B3FED930}.Release|x64.ActiveCfg = Release|x64
		{00615125-AE2A-4007-A082-05C4B3FED930}.Release|x64.Build.0 = Release|x64
		{00615125-AE2A-4007-A082-05C4B3FED930}.Release|x86.ActiveCfg = Release|Win32
		{00615125-AE2A-4007-A082-05C4B3FED930}.Release|x86.Build.0 = Release|Win32
	EndGlobalSection
	GlobalSection(SolutionProperties) = preSolution
		HideSolutionNode = FALSE
	EndGlobalSection
	GlobalSection(ExtensibilityGlobals) = postSolution
		SolutionGuid = {8E290239-FE50-4C27-A326-5C1ECC9DF9DE}
	EndGlobalSection
EndGlobal
